{
  "name": "111_project",
  "version": "1.0.0",
  "lockfileVersion": 3,
  "requires": true,
  "packages": {
    "": {
      "name": "111_project",
      "version": "1.0.0",
      "license": "ISC",
      "dependencies": {
        "@ansur/leaflet-pulse-icon": "^0.1.1",
        "bootstrap": "^5.2.3",
        "bootstrap-select": "^1.13.18",
        "expres": "^0.0.5",
        "jquery": "^3.6.4",
        "jssha": "^3.3.0",
        "leaflet": "^1.9.3",
        "leaflet-ant-path": "^1.3.0",
        "leaflet-groupedlayercontrol": "^0.6.1",
        "leaflet-routing-machine": "^3.2.12",
        "leaflet-sidebar-v2": "^3.2.3",
        "leaflet.awesome-markers": "^2.0.5",
        "leaflet.fullscreen": "^2.4.0",
        "leaflet.markercluster": "^1.5.3",
        "leaflet.styledlayercontrol": "^1.0.0",
        "simplebar": "^6.2.1"
      }
    },
    "node_modules/@ansur/leaflet-pulse-icon": {
      "version": "0.1.1",
      "resolved": "https://registry.npmjs.org/@ansur/leaflet-pulse-icon/-/leaflet-pulse-icon-0.1.1.tgz",
      "integrity": "sha512-2vymis4WMiacers0JJ43Ku0TjdKypnh0atMdFC2VdTGd5G/NGsmW5eYnTZr1YHNOts3CXRbnwlkEMKB7OPsfIg==",
      "dependencies": {
        "leaflet": ">=0.7.3"
      }
    },
    "node_modules/@mapbox/corslite": {
      "version": "0.0.7",
      "resolved": "https://registry.npmjs.org/@mapbox/corslite/-/corslite-0.0.7.tgz",
      "integrity": "sha512-w/uS474VFjmqQ7fFWIMZINQM1BAQxDLuoJaZZIPES1BmeYpCtlh9MtbFxKGGDAsfvut8/HircIsVvEYRjQ+iMg=="
    },
    "node_modules/@mapbox/polyline": {
      "version": "0.2.0",
      "resolved": "https://registry.npmjs.org/@mapbox/polyline/-/polyline-0.2.0.tgz",
      "integrity": "sha512-GCddO0iw6AzOQqZgBmjEQI9Pgo40/yRgkTkikGctE01kNBN0ThWYuAnTD+hRWrAWMV6QJ0rNm4m8DAsaAXE7Pg==",
      "bin": {
        "polyline": "bin/polyline.bin.js"
      },
      "engines": {
        "node": "*"
      }
    },
    "node_modules/@popperjs/core": {
      "version": "2.11.6",
      "resolved": "https://registry.npmjs.org/@popperjs/core/-/core-2.11.6.tgz",
      "integrity": "sha512-50/17A98tWUfQ176raKiOGXuYpLyyVMkxxG6oylzL3BPOlA6ADGdK7EYunSa4I064xerltq9TGXs8HmOk5E+vw==",
      "peer": true,
      "funding": {
        "type": "opencollective",
        "url": "https://opencollective.com/popperjs"
      }
    },
    "node_modules/bootstrap": {
      "version": "5.2.3",
      "resolved": "https://registry.npmjs.org/bootstrap/-/bootstrap-5.2.3.tgz",
      "integrity": "sha512-cEKPM+fwb3cT8NzQZYEu4HilJ3anCrWqh3CHAok1p9jXqMPsPTBhU25fBckEJHJ/p+tTxTFTsFQGM+gaHpi3QQ==",
      "funding": [
        {
          "type": "github",
          "url": "https://github.com/sponsors/twbs"
        },
        {
          "type": "opencollective",
          "url": "https://opencollective.com/bootstrap"
        }
      ],
      "peerDependencies": {
        "@popperjs/core": "^2.11.6"
      }
    },
    "node_modules/bootstrap-select": {
      "version": "1.13.18",
      "resolved": "https://registry.npmjs.org/bootstrap-select/-/bootstrap-select-1.13.18.tgz",
      "integrity": "sha512-V1IzK4rxBq5FrJtkzSH6RmFLFBsjx50byFbfAf8jYyXROWs7ZpprGjdHeoyq2HSsHyjJhMMwjsQhRoYAfxCGow==",
      "peerDependencies": {
        "bootstrap": ">=3.0.0",
        "jquery": "1.9.1 - 3"
      }
    },
    "node_modules/can-use-dom": {
      "version": "0.1.0",
      "resolved": "https://registry.npmjs.org/can-use-dom/-/can-use-dom-0.1.0.tgz",
      "integrity": "sha512-ceOhN1DL7Y4O6M0j9ICgmTYziV89WMd96SvSl0REd8PMgrY0B/WBOPoed5S1KUmJqXgUXh8gzSe6E3ae27upsQ=="
    },
    "node_modules/expres": {
      "version": "0.0.5",
      "resolved": "https://registry.npmjs.org/expres/-/expres-0.0.5.tgz",
      "integrity": "sha512-pK2yFc2Ke66rveH6iq6YJr63v55cFP6fs2xhoJ7RUGg+uwwApMlod3IwVm8zEtKH4ALqSvaGQF4cNemsyApd/w=="
    },
    "node_modules/jquery": {
      "version": "3.6.4",
      "resolved": "https://registry.npmjs.org/jquery/-/jquery-3.6.4.tgz",
      "integrity": "sha512-v28EW9DWDFpzcD9O5iyJXg3R3+q+mET5JhnjJzQUZMHOv67bpSIHq81GEYpPNZHG+XXHsfSme3nxp/hndKEcsQ=="
    },
    "node_modules/jssha": {
      "version": "3.3.0",
      "resolved": "https://registry.npmjs.org/jssha/-/jssha-3.3.0.tgz",
      "integrity": "sha512-w9OtT4ALL+fbbwG3gw7erAO0jvS5nfvrukGPMWIAoea359B26ALXGpzy4YJSp9yGnpUvuvOw1nSjSoHDfWSr1w==",
      "engines": {
        "node": "*"
      }
    },
    "node_modules/leaflet": {
      "version": "1.9.3",
      "resolved": "https://registry.npmjs.org/leaflet/-/leaflet-1.9.3.tgz",
      "integrity": "sha512-iB2cR9vAkDOu5l3HAay2obcUHZ7xwUBBjph8+PGtmW/2lYhbLizWtG7nTeYht36WfOslixQF9D/uSIzhZgGMfQ=="
    },
    "node_modules/leaflet-ant-path": {
      "version": "1.3.0",
      "resolved": "https://registry.npmjs.org/leaflet-ant-path/-/leaflet-ant-path-1.3.0.tgz",
      "integrity": "sha512-wgWWcAD4w8QVguRsHh89NGj5eqwLOP6e/HazunW0fQaytqZqEh3WePWYIrmbUeMcOf2cX/+GecHkFfI5tirS1Q=="
    },
    "node_modules/leaflet-groupedlayercontrol": {
      "version": "0.6.1",
      "resolved": "https://registry.npmjs.org/leaflet-groupedlayercontrol/-/leaflet-groupedlayercontrol-0.6.1.tgz",
      "integrity": "sha512-xkGeH6ygcryFQI0FUWn6Bz93zlwrOSpeXgJQ3jLRoUQJ5h/Qgrz+GqR9nhBFfikjUKtC1sCKL3eDR9wNTWhLlA==",
      "dependencies": {
        "leaflet": "^1.0.1"
      }
    },
    "node_modules/leaflet-routing-machine": {
      "version": "3.2.12",
      "resolved": "https://registry.npmjs.org/leaflet-routing-machine/-/leaflet-routing-machine-3.2.12.tgz",
      "integrity": "sha512-HLde58G1YtD9xSIzZavJ6BPABZaV1hHeGst8ouhzuxmSC3s32NVtADT+njbIUMW1maHRCrsgTk/E4hz5QH7FrA==",
      "dependencies": {
        "@mapbox/corslite": "0.0.7",
        "@mapbox/polyline": "^0.2.0",
        "osrm-text-instructions": "^0.13.2"
      }
    },
    "node_modules/leaflet-sidebar-v2": {
      "version": "3.2.3",
      "resolved": "https://registry.npmjs.org/leaflet-sidebar-v2/-/leaflet-sidebar-v2-3.2.3.tgz",
      "integrity": "sha512-narzdn81Y/8YpgHR3jhs93LhrLq0AGSRo7CXHEICHfMeK6IHSbtFOF9CTSfueaumRK0TgvHkiiYJb9dTKta6ZQ=="
    },
    "node_modules/leaflet.awesome-markers": {
      "version": "2.0.5",
      "resolved": "https://registry.npmjs.org/leaflet.awesome-markers/-/leaflet.awesome-markers-2.0.5.tgz",
      "integrity": "sha512-Ne/xDjkGyaujwNVVkv2tyXQUV0ZW7gZ0Mo0FuQY4jp2qWrvXi0hwDBvmZyF/8YOvybyMabTMM/mFWCTd1jZIQA=="
    },
    "node_modules/leaflet.fullscreen": {
      "version": "2.4.0",
      "resolved": "https://registry.npmjs.org/leaflet.fullscreen/-/leaflet.fullscreen-2.4.0.tgz",
      "integrity": "sha512-41O0ikdUR0bVC0QfoFN3W5S+9yoeHqL74i0QQafa/W79+ij/G7IRZwpfwPuxoNwpydoUJ/9Mq/6Hp7WZOnkWzQ=="
    },
    "node_modules/leaflet.markercluster": {
      "version": "1.5.3",
      "resolved": "https://registry.npmjs.org/leaflet.markercluster/-/leaflet.markercluster-1.5.3.tgz",
      "integrity": "sha512-vPTw/Bndq7eQHjLBVlWpnGeLa3t+3zGiuM7fJwCkiMFq+nmRuG3RI3f7f4N4TDX7T4NpbAXpR2+NTRSEGfCSeA==",
      "peerDependencies": {
        "leaflet": "^1.3.1"
      }
    },
    "node_modules/leaflet.styledlayercontrol": {
      "version": "1.0.0",
      "resolved": "https://registry.npmjs.org/leaflet.styledlayercontrol/-/leaflet.styledlayercontrol-1.0.0.tgz",
      "integrity": "sha512-ZDBBQ99z0k3+2hAsxFnNcE+jfEiKUhEaK2NuJzvaRwcKUI0+LLe6zHMYF+qcs5mrKXVaqplaPeLIs0I7DObVSw=="
    },
    "node_modules/lodash-es": {
      "version": "4.17.21",
      "resolved": "https://registry.npmjs.org/lodash-es/-/lodash-es-4.17.21.tgz",
      "integrity": "sha512-mKnC+QJ9pWVzv+C4/U3rRsHapFfHvQFoFB92e52xeyGMcX6/OlIl78je1u8vePzYZSkkogMPJ2yjxxsb89cxyw=="
    },
    "node_modules/osrm-text-instructions": {
      "version": "0.13.4",
      "resolved": "https://registry.npmjs.org/osrm-text-instructions/-/osrm-text-instructions-0.13.4.tgz",
      "integrity": "sha512-ge4ZTIetMQKAHKq2MwWf83ntzdJN20ndRKRaVNoZ3SkDkBNO99Qddz7r6+hrVx38I+ih6Rk5T1yslczAB6Q9Pg=="
    },
    "node_modules/simplebar": {
      "version": "6.2.1",
      "resolved": "https://registry.npmjs.org/simplebar/-/simplebar-6.2.1.tgz",
      "integrity": "sha512-zEurqs3D/010l8nxqj4EkorH5BQGfJb/T3mUvrVx1H6hT99daOVtkQo0p1NL1/ChoLrfzQzrBN9sD8saK456LQ==",
      "dependencies": {
        "can-use-dom": "^0.1.0",
        "simplebar-core": "^1.2.1"
      }
    },
    "node_modules/simplebar-core": {
      "version": "1.2.1",
      "resolved": "https://registry.npmjs.org/simplebar-core/-/simplebar-core-1.2.1.tgz",
      "integrity": "sha512-dgX6qDOSDM3+crxFstIKOlxyxnD3NYGRPm7CqmAtnNfFLVeadrydym5eNpduIO7aDFU/rayS6hEdrcxO0WBqnQ==",
      "dependencies": {
        "can-use-dom": "^0.1.0",
        "lodash-es": "^4.17.21"
      }
    }
  }
}
